# @generated by Move, please check-in and do not edit manually.

[move]
version = 3
manifest_digest = "3E77468429D78FC0DBCE5F367293A578365D6BD5906B49B529A0C06C92003FB7"
deps_digest = "F8BBB0CCB2491CA29A3DF03D6F92277A4F3574266507ACD77214D37ECA3F3082"

dependencies = [
  { id = "Sui", name = "Sui" },
]

[[move.package]]
id = "MoveStdlib"
source = { git = "https://github.com/MystenLabs/sui.git", rev = "framework/testnet", subdir = "crates/sui-framework/packages/move-stdlib" }

[[move.package]]
id = "Sui"
source = { git = "https://github.com/MystenLabs/sui.git", rev = "framework/testnet", subdir = "crates/sui-framework/packages/sui-framework" }

dependencies = [
  { id = "MoveStdlib", name = "MoveStdlib" },
]

[move.toolchain-version]
compiler-version = "1.37.2"
edition = "2024.beta"
flavor = "sui"

[env]

[env.testnet]
chain-id = "4c78adac"
original-published-id = "0x63ebd1eabf036dfd2241b15730691fc34a1ab804461cd675f7bf10f1f2e473ad"
latest-published-id = "0x63ebd1eabf036dfd2241b15730691fc34a1ab804461cd675f7bf10f1f2e473ad"
published-version = "1"
